
Microsoft Visual Studio Solution File, Format Version 12.00
# Visual Studio Version 17
VisualStudioVersion = 17.1.31903.286
MinimumVisualStudioVersion = 10.0.40219.1
Project("{9A19103F-16F7-4668-BE54-9A1E7A4F7556}") = "ServiceBusSenderApi", "AspNetCoreServiceBusApi1\ServiceBusSenderApi.csproj", "{31BEA862-3D37-4514-94F4-59A0A5E1E0B4}"
EndProject
Project("{9A19103F-16F7-4668-BE54-9A1E7A4F7556}") = "ServiceBusMessaging", "ServiceBusMessaging\ServiceBusMessaging.csproj", "{DE933DE9-731B-4EAD-88A4-62533595A278}"
EndProject
Project("{9A19103F-16F7-4668-BE54-9A1E7A4F7556}") = "ServiceBusReceiverApi", "AspNetCoreServiceBusApi2\ServiceBusReceiverApi.csproj", "{B0948B3C-3F48-43B1-BB34-56FEF97466EC}"
EndProject
Project("{2150E333-8FDC-42A3-9474-1A3956D46DE8}") = "Solution Items", "Solution Items", "{525106AB-674D-4640-8682-FFE0F8DFD7ED}"
	ProjectSection(SolutionItems) = preProject
		.github\workflows\dotnet.yml = .github\workflows\dotnet.yml
		README.md = README.md
	EndProjectSection
EndProject
Project("{9A19103F-16F7-4668-BE54-9A1E7A4F7556}") = "ServiceBus.Infraestructure", "ServiceBus.Infraestructure\ServiceBus.Infraestructure.csproj", "{4816C01F-D978-4704-9E67-F3FDE1BB1DF2}"
EndProject
Project("{E53339B2-1760-4266-BCC7-CA923CBCF16C}") = "docker-compose", "docker-compose.dcproj", "{831E66D0-8F6B-44A9-9FDA-3926BD499413}"
EndProject
Global
	GlobalSection(SolutionConfigurationPlatforms) = preSolution
		Debug|Any CPU = Debug|Any CPU
		Release|Any CPU = Release|Any CPU
	EndGlobalSection
	GlobalSection(ProjectConfigurationPlatforms) = postSolution
		{31BEA862-3D37-4514-94F4-59A0A5E1E0B4}.Debug|Any CPU.ActiveCfg = Debug|Any CPU
		{31BEA862-3D37-4514-94F4-59A0A5E1E0B4}.Debug|Any CPU.Build.0 = Debug|Any CPU
		{31BEA862-3D37-4514-94F4-59A0A5E1E0B4}.Release|Any CPU.ActiveCfg = Release|Any CPU
		{31BEA862-3D37-4514-94F4-59A0A5E1E0B4}.Release|Any CPU.Build.0 = Release|Any CPU
		{DE933DE9-731B-4EAD-88A4-62533595A278}.Debug|Any CPU.ActiveCfg = Debug|Any CPU
		{DE933DE9-731B-4EAD-88A4-62533595A278}.Debug|Any CPU.Build.0 = Debug|Any CPU
		{DE933DE9-731B-4EAD-88A4-62533595A278}.Release|Any CPU.ActiveCfg = Release|Any CPU
		{DE933DE9-731B-4EAD-88A4-62533595A278}.Release|Any CPU.Build.0 = Release|Any CPU
		{B0948B3C-3F48-43B1-BB34-56FEF97466EC}.Debug|Any CPU.ActiveCfg = Debug|Any CPU
		{B0948B3C-3F48-43B1-BB34-56FEF97466EC}.Debug|Any CPU.Build.0 = Debug|Any CPU
		{B0948B3C-3F48-43B1-BB34-56FEF97466EC}.Release|Any CPU.ActiveCfg = Release|Any CPU
		{B0948B3C-3F48-43B1-BB34-56FEF97466EC}.Release|Any CPU.Build.0 = Release|Any CPU
		{4816C01F-D978-4704-9E67-F3FDE1BB1DF2}.Debug|Any CPU.ActiveCfg = Debug|Any CPU
		{4816C01F-D978-4704-9E67-F3FDE1BB1DF2}.Debug|Any CPU.Build.0 = Debug|Any CPU
		{4816C01F-D978-4704-9E67-F3FDE1BB1DF2}.Release|Any CPU.ActiveCfg = Release|Any CPU
		{4816C01F-D978-4704-9E67-F3FDE1BB1DF2}.Release|Any CPU.Build.0 = Release|Any CPU
		{831E66D0-8F6B-44A9-9FDA-3926BD499413}.Debug|Any CPU.ActiveCfg = Debug|Any CPU
		{831E66D0-8F6B-44A9-9FDA-3926BD499413}.Debug|Any CPU.Build.0 = Debug|Any CPU
		{831E66D0-8F6B-44A9-9FDA-3926BD499413}.Release|Any CPU.ActiveCfg = Release|Any CPU
		{831E66D0-8F6B-44A9-9FDA-3926BD499413}.Release|Any CPU.Build.0 = Release|Any CPU
	EndGlobalSection
	GlobalSection(SolutionProperties) = preSolution
		HideSolutionNode = FALSE
	EndGlobalSection
	GlobalSection(ExtensibilityGlobals) = postSolution
		SolutionGuid = {3B585148-25D5-4C35-B8B5-F889AE1443B0}
	EndGlobalSection
EndGlobal
